
Microsoft Visual Studio Solution File, Format Version 12.00
# Visual Studio Version 17
VisualStudioVersion = 17.0.32014.148
MinimumVisualStudioVersion = 10.0.40219.1
Project("{2150E333-8FDC-42A3-9474-1A3956D46DE8}") = "src", "src", "{4B861226-D70B-423A-BCB8-2D5E3125B3AE}"
EndProject
Project("{2150E333-8FDC-42A3-9474-1A3956D46DE8}") = "building blocks", "building blocks", "{8DBA75A7-2AA1-499E-ABC7-760C61C1BA29}"
EndProject
Project("{2150E333-8FDC-42A3-9474-1A3956D46DE8}") = "services", "services", "{D1ED8ABA-B5A8-4323-B1E6-A215D875B308}"
EndProject
Project("{2150E333-8FDC-42A3-9474-1A3956D46DE8}") = "web", "web", "{8BC54493-6145-4242-88B5-12FA1B101BD6}"
EndProject
Project("{2150E333-8FDC-42A3-9474-1A3956D46DE8}") = "Carrinho", "Carrinho", "{67D9FA17-E692-40D6-9A28-BB0EE26726B8}"
EndProject
Project("{2150E333-8FDC-42A3-9474-1A3956D46DE8}") = "Catalogo", "Catalogo", "{EDFA4C61-4244-4374-B50D-F078F2198AD8}"
EndProject
Project("{2150E333-8FDC-42A3-9474-1A3956D46DE8}") = "Cliente", "Cliente", "{658C29A6-A3F6-47B2-9101-A153DCD1344C}"
EndProject
Project("{2150E333-8FDC-42A3-9474-1A3956D46DE8}") = "Identidade", "Identidade", "{E8440A2D-EF78-48F6-8942-B3706490FD7F}"
EndProject
Project("{2150E333-8FDC-42A3-9474-1A3956D46DE8}") = "Pagamento", "Pagamento", "{88116F6A-B408-46BB-9D73-8D896DDFF303}"
EndProject
Project("{2150E333-8FDC-42A3-9474-1A3956D46DE8}") = "Pedido", "Pedido", "{EFDEBC96-CB0E-4C25-B3AE-2E6985C64AFE}"
EndProject
Project("{9A19103F-16F7-4668-BE54-9A1E7A4F7556}") = "NSE.Core", "src\building blocks\NSE.Core\NSE.Core.csproj", "{77CA46F5-84D1-4023-97F1-944F965B77B4}"
EndProject
Project("{9A19103F-16F7-4668-BE54-9A1E7A4F7556}") = "NSE.WebApp.MVC", "src\web\NSE.WebApp.MVC\NSE.WebApp.MVC.csproj", "{D48EEE6A-EADC-4FBF-B2B2-272EC73CA01C}"
EndProject
Project("{9A19103F-16F7-4668-BE54-9A1E7A4F7556}") = "NSE.Carrinho.API", "src\services\NSE.Carrinho.API\NSE.Carrinho.API.csproj", "{7EB01803-0A84-4D1C-8DEE-270F1ECA1FA8}"
EndProject
Project("{9A19103F-16F7-4668-BE54-9A1E7A4F7556}") = "NSE.Catalogo.API", "src\services\NSE.Catalogo.API\NSE.Catalogo.API.csproj", "{4E27700F-5F03-49CE-825A-B811F0C0A0B7}"
EndProject
Project("{9A19103F-16F7-4668-BE54-9A1E7A4F7556}") = "NSE.Cliente.API", "src\services\NSE.Cliente.API\NSE.Cliente.API.csproj", "{695AFC2F-1292-47EC-A424-E864E4366F4C}"
EndProject
Project("{9A19103F-16F7-4668-BE54-9A1E7A4F7556}") = "NSE.Identidade.API", "src\services\NSE.Identidade.API\NSE.Identidade.API.csproj", "{FCD359FB-5982-4788-BD2B-4FEFE21A2F9A}"
EndProject
Project("{9A19103F-16F7-4668-BE54-9A1E7A4F7556}") = "NSE.Pagamento.API", "src\services\NSE.Pagamento.API\NSE.Pagamento.API.csproj", "{380FC7AC-4746-45B7-A33C-4E4E3E10CDB9}"
EndProject
Project("{9A19103F-16F7-4668-BE54-9A1E7A4F7556}") = "NSE.Pedido.API", "src\services\NSE.Pedido.API\NSE.Pedido.API.csproj", "{FDCBCB12-5553-4E3D-9755-4FEEDAC18FCE}"
EndProject
Project("{FAE04EC0-301F-11D3-BF4B-00C04F79EFBC}") = "NSE.WebAPI.Core", "src\building blocks\NSE.WebAPI.Core\NSE.WebAPI.Core.csproj", "{912C9803-95E6-4C3A-AED0-B849F9A9E87B}"
EndProject
Global
	GlobalSection(SolutionConfigurationPlatforms) = preSolution
		Debug|Any CPU = Debug|Any CPU
		Release|Any CPU = Release|Any CPU
	EndGlobalSection
	GlobalSection(ProjectConfigurationPlatforms) = postSolution
		{77CA46F5-84D1-4023-97F1-944F965B77B4}.Debug|Any CPU.ActiveCfg = Debug|Any CPU
		{77CA46F5-84D1-4023-97F1-944F965B77B4}.Debug|Any CPU.Build.0 = Debug|Any CPU
		{77CA46F5-84D1-4023-97F1-944F965B77B4}.Release|Any CPU.ActiveCfg = Release|Any CPU
		{77CA46F5-84D1-4023-97F1-944F965B77B4}.Release|Any CPU.Build.0 = Release|Any CPU
		{D48EEE6A-EADC-4FBF-B2B2-272EC73CA01C}.Debug|Any CPU.ActiveCfg = Debug|Any CPU
		{D48EEE6A-EADC-4FBF-B2B2-272EC73CA01C}.Debug|Any CPU.Build.0 = Debug|Any CPU
		{D48EEE6A-EADC-4FBF-B2B2-272EC73CA01C}.Release|Any CPU.ActiveCfg = Release|Any CPU
		{D48EEE6A-EADC-4FBF-B2B2-272EC73CA01C}.Release|Any CPU.Build.0 = Release|Any CPU
		{7EB01803-0A84-4D1C-8DEE-270F1ECA1FA8}.Debug|Any CPU.ActiveCfg = Debug|Any CPU
		{7EB01803-0A84-4D1C-8DEE-270F1ECA1FA8}.Debug|Any CPU.Build.0 = Debug|Any CPU
		{7EB01803-0A84-4D1C-8DEE-270F1ECA1FA8}.Release|Any CPU.ActiveCfg = Release|Any CPU
		{7EB01803-0A84-4D1C-8DEE-270F1ECA1FA8}.Release|Any CPU.Build.0 = Release|Any CPU
		{4E27700F-5F03-49CE-825A-B811F0C0A0B7}.Debug|Any CPU.ActiveCfg = Debug|Any CPU
		{4E27700F-5F03-49CE-825A-B811F0C0A0B7}.Debug|Any CPU.Build.0 = Debug|Any CPU
		{4E27700F-5F03-49CE-825A-B811F0C0A0B7}.Release|Any CPU.ActiveCfg = Release|Any CPU
		{4E27700F-5F03-49CE-825A-B811F0C0A0B7}.Release|Any CPU.Build.0 = Release|Any CPU
		{695AFC2F-1292-47EC-A424-E864E4366F4C}.Debug|Any CPU.ActiveCfg = Debug|Any CPU
		{695AFC2F-1292-47EC-A424-E864E4366F4C}.Debug|Any CPU.Build.0 = Debug|Any CPU
		{695AFC2F-1292-47EC-A424-E864E4366F4C}.Release|Any CPU.ActiveCfg = Release|Any CPU
		{695AFC2F-1292-47EC-A424-E864E4366F4C}.Release|Any CPU.Build.0 = Release|Any CPU
		{FCD359FB-5982-4788-BD2B-4FEFE21A2F9A}.Debug|Any CPU.ActiveCfg = Debug|Any CPU
		{FCD359FB-5982-4788-BD2B-4FEFE21A2F9A}.Debug|Any CPU.Build.0 = Debug|Any CPU
		{FCD359FB-5982-4788-BD2B-4FEFE21A2F9A}.Release|Any CPU.ActiveCfg = Release|Any CPU
		{FCD359FB-5982-4788-BD2B-4FEFE21A2F9A}.Release|Any CPU.Build.0 = Release|Any CPU
		{380FC7AC-4746-45B7-A33C-4E4E3E10CDB9}.Debug|Any CPU.ActiveCfg = Debug|Any CPU
		{380FC7AC-4746-45B7-A33C-4E4E3E10CDB9}.Debug|Any CPU.Build.0 = Debug|Any CPU
		{380FC7AC-4746-45B7-A33C-4E4E3E10CDB9}.Release|Any CPU.ActiveCfg = Release|Any CPU
		{380FC7AC-4746-45B7-A33C-4E4E3E10CDB9}.Release|Any CPU.Build.0 = Release|Any CPU
		{FDCBCB12-5553-4E3D-9755-4FEEDAC18FCE}.Debug|Any CPU.ActiveCfg = Debug|Any CPU
		{FDCBCB12-5553-4E3D-9755-4FEEDAC18FCE}.Debug|Any CPU.Build.0 = Debug|Any CPU
		{FDCBCB12-5553-4E3D-9755-4FEEDAC18FCE}.Release|Any CPU.ActiveCfg = Release|Any CPU
		{FDCBCB12-5553-4E3D-9755-4FEEDAC18FCE}.Release|Any CPU.Build.0 = Release|Any CPU
		{912C9803-95E6-4C3A-AED0-B849F9A9E87B}.Debug|Any CPU.ActiveCfg = Debug|Any CPU
		{912C9803-95E6-4C3A-AED0-B849F9A9E87B}.Debug|Any CPU.Build.0 = Debug|Any CPU
		{912C9803-95E6-4C3A-AED0-B849F9A9E87B}.Release|Any CPU.ActiveCfg = Release|Any CPU
		{912C9803-95E6-4C3A-AED0-B849F9A9E87B}.Release|Any CPU.Build.0 = Release|Any CPU
	EndGlobalSection
	GlobalSection(SolutionProperties) = preSolution
		HideSolutionNode = FALSE
	EndGlobalSection
	GlobalSection(NestedProjects) = preSolution
		{8DBA75A7-2AA1-499E-ABC7-760C61C1BA29} = {4B861226-D70B-423A-BCB8-2D5E3125B3AE}
		{D1ED8ABA-B5A8-4323-B1E6-A215D875B308} = {4B861226-D70B-423A-BCB8-2D5E3125B3AE}
		{8BC54493-6145-4242-88B5-12FA1B101BD6} = {4B861226-D70B-423A-BCB8-2D5E3125B3AE}
		{67D9FA17-E692-40D6-9A28-BB0EE26726B8} = {D1ED8ABA-B5A8-4323-B1E6-A215D875B308}
		{EDFA4C61-4244-4374-B50D-F078F2198AD8} = {D1ED8ABA-B5A8-4323-B1E6-A215D875B308}
		{658C29A6-A3F6-47B2-9101-A153DCD1344C} = {D1ED8ABA-B5A8-4323-B1E6-A215D875B308}
		{E8440A2D-EF78-48F6-8942-B3706490FD7F} = {D1ED8ABA-B5A8-4323-B1E6-A215D875B308}
		{88116F6A-B408-46BB-9D73-8D896DDFF303} = {D1ED8ABA-B5A8-4323-B1E6-A215D875B308}
		{EFDEBC96-CB0E-4C25-B3AE-2E6985C64AFE} = {D1ED8ABA-B5A8-4323-B1E6-A215D875B308}
		{77CA46F5-84D1-4023-97F1-944F965B77B4} = {8DBA75A7-2AA1-499E-ABC7-760C61C1BA29}
		{D48EEE6A-EADC-4FBF-B2B2-272EC73CA01C} = {8BC54493-6145-4242-88B5-12FA1B101BD6}
		{7EB01803-0A84-4D1C-8DEE-270F1ECA1FA8} = {67D9FA17-E692-40D6-9A28-BB0EE26726B8}
		{4E27700F-5F03-49CE-825A-B811F0C0A0B7} = {EDFA4C61-4244-4374-B50D-F078F2198AD8}
		{695AFC2F-1292-47EC-A424-E864E4366F4C} = {658C29A6-A3F6-47B2-9101-A153DCD1344C}
		{FCD359FB-5982-4788-BD2B-4FEFE21A2F9A} = {E8440A2D-EF78-48F6-8942-B3706490FD7F}
		{380FC7AC-4746-45B7-A33C-4E4E3E10CDB9} = {88116F6A-B408-46BB-9D73-8D896DDFF303}
		{FDCBCB12-5553-4E3D-9755-4FEEDAC18FCE} = {EFDEBC96-CB0E-4C25-B3AE-2E6985C64AFE}
		{912C9803-95E6-4C3A-AED0-B849F9A9E87B} = {8DBA75A7-2AA1-499E-ABC7-760C61C1BA29}
	EndGlobalSection
	GlobalSection(ExtensibilityGlobals) = postSolution
		SolutionGuid = {8188A1F4-B661-4574-8590-96C51CA5E681}
	EndGlobalSection
EndGlobal
